{
  "originHash" : "7950d93721213fef170b223697753a15ffdd4befd431161ef2e5728009d52e23",
  "pins" : [
    {
      "identity" : "purchases-ios",
      "kind" : "remoteSourceControl",
      "location" : "https://github.com/RevenueCat/purchases-ios.git",
      "state" : {
        "revision" : "6935da62be3f33f06ed16e9e49431fe9e10e1426",
        "version" : "5.79.0"
      }
    },
    {
      "identity" : "swiftsdk",
      "kind" : "remoteSourceControl",
      "location" : "https://github.com/TelemetryDeck/SwiftSDK.git",
      "state" : {
        "revision" : "ad4a03ec7ea7416a4081370f21c86e55b02a5b88",
        "version" : "2.14.1"
      }
    }
  ],
  "version" : 3
}
