// !$*UTF8*$!
{
	archiveVersion = 1;
	classes = {
	};
	objectVersion = 77;
	objects = {

/* Begin PBXBuildFile section */
		168EE8702F4CB64E00576837 /* XCTest.framework in Frameworks */ = {isa = PBXBuildFile; fileRef = 168EE8712F4CB64E00576837 /* XCTest.framework */; };
		168EEAE52F4D513400576837 /* RevenueCat in Frameworks */ = {isa = PBXBuildFile; productRef = 168EEAE42F4D513400576837 /* RevenueCat */; };
		168EEAE72F4D513400576837 /* RevenueCatUI in Frameworks */ = {isa = PBXBuildFile; productRef = 168EEAE62F4D513400576837 /* RevenueCatUI */; };
		FA0000000000000000000003 /* TelemetryDeck in Frameworks */ = {isa = PBXBuildFile; productRef = FA0000000000000000000002 /* TelemetryDeck */; };
/* End PBXBuildFile section */

/* Begin PBXContainerItemProxy section */
		168EE87A2F4CB64E00576837 /* PBXContainerItemProxy */ = {
			isa = PBXContainerItemProxy;
			containerPortal = 168EE8512F4CB64D00576837 /* Project object */;
			proxyType = 1;
			remoteGlobalIDString = 168EE8582F4CB64D00576837;
			remoteInfo = HeicSwap;
		};
/* End PBXContainerItemProxy section */

/* Begin PBXFileReference section */
		168EE8592F4CB64D00576837 /* HeicSwap.app */ = {isa = PBXFileReference; explicitFileType = wrapper.application; includeInIndex = 0; path = HeicSwap.app; sourceTree = BUILT_PRODUCTS_DIR; };
		168EE8712F4CB64E00576837 /* XCTest.framework */ = {isa = PBXFileReference; lastKnownFileType = wrapper.framework; name = XCTest.framework; path = Platforms/iPhoneOS.platform/Developer/Library/Frameworks/XCTest.framework; sourceTree = DEVELOPER_DIR; };
		168EE8722F4CB64E00576837 /* HeicSwapTests.xctest */ = {isa = PBXFileReference; explicitFileType = wrapper.cfbundle; includeInIndex = 0; path = HeicSwapTests.xctest; sourceTree = BUILT_PRODUCTS_DIR; };
		168EE8F02F4CB90000576837 /* Secrets.xcconfig */ = {isa = PBXFileReference; lastKnownFileType = text.xcconfig; path = Secrets.xcconfig; sourceTree = "<group>"; };
/* End PBXFileReference section */

/* Begin PBXFileSystemSynchronizedRootGroup section */
		168EE85B2F4CB64D00576837 /* HeicSwap */ = {
			isa = PBXFileSystemSynchronizedRootGroup;
			path = HeicSwap;
			sourceTree = "<group>";
		};
		168EE8732F4CB64E00576837 /* HeicSwapTests */ = {
			isa = PBXFileSystemSynchronizedRootGroup;
			path = HeicSwapTests;
			sourceTree = "<group>";
		};
/* End PBXFileSystemSynchronizedRootGroup section */

/* Begin PBXFrameworksBuildPhase section */
		168EE8562F4CB64D00576837 /* Frameworks */ = {
			isa = PBXFrameworksBuildPhase;
			buildActionMask = 2147483647;
			files = (
				168EEAE72F4D513400576837 /* RevenueCatUI in Frameworks */,
				168EEAE52F4D513400576837 /* RevenueCat in Frameworks */,
				FA0000000000000000000003 /* TelemetryDeck in Frameworks */,
			);
			runOnlyForDeploymentPostprocessing = 0;
		};
		168EE8742F4CB64E00576837 /* Frameworks */ = {
			isa = PBXFrameworksBuildPhase;
			buildActionMask = 2147483647;
			files = (
				168EE8702F4CB64E00576837 /* XCTest.framework in Frameworks */,
			);
			runOnlyForDeploymentPostprocessing = 0;
		};
/* End PBXFrameworksBuildPhase section */

/* Begin PBXGroup section */
		168EE8502F4CB64D00576837 = {
			isa = PBXGroup;
			children = (
				168EE85B2F4CB64D00576837 /* HeicSwap */,
				168EE8732F4CB64E00576837 /* HeicSwapTests */,
				168EE85A2F4CB64D00576837 /* Products */,
				168EE8E82F4CB8AA00576837 /* Recovered References */,
				168EE8F02F4CB90000576837 /* Secrets.xcconfig */,
			);
			sourceTree = "<group>";
		};
		168EE85A2F4CB64D00576837 /* Products */ = {
			isa = PBXGroup;
			children = (
				168EE8592F4CB64D00576837 /* HeicSwap.app */,
				168EE8722F4CB64E00576837 /* HeicSwapTests.xctest */,
			);
			name = Products;
			sourceTree = "<group>";
		};
		168EE8E82F4CB8AA00576837 /* Recovered References */ = {
			isa = PBXGroup;
			children = (
				168EE8712F4CB64E00576837 /* XCTest.framework */,
			);
			name = "Recovered References";
			sourceTree = "<group>";
		};
/* End PBXGroup section */

/* Begin PBXNativeTarget section */
		168EE8582F4CB64D00576837 /* HeicSwap */ = {
			isa = PBXNativeTarget;
			buildConfigurationList = 168EE8642F4CB64E00576837 /* Build configuration list for PBXNativeTarget "HeicSwap" */;
			buildPhases = (
				168EE8F12F4CB90000576837 /* Generate Secrets */,
				168EE8552F4CB64D00576837 /* Sources */,
				168EE8562F4CB64D00576837 /* Frameworks */,
				168EE8572F4CB64D00576837 /* Resources */,
			);
			buildRules = (
			);
			dependencies = (
			);
			fileSystemSynchronizedGroups = (
				168EE85B2F4CB64D00576837 /* HeicSwap */,
			);
			name = HeicSwap;
			packageProductDependencies = (
				168EEAE42F4D513400576837 /* RevenueCat */,
				168EEAE62F4D513400576837 /* RevenueCatUI */,
				FA0000000000000000000002 /* TelemetryDeck */,
			);
			productName = HeicSwap;
			productReference = 168EE8592F4CB64D00576837 /* HeicSwap.app */;
			productType = "com.apple.product-type.application";
		};
		168EE8752F4CB64E00576837 /* HeicSwapTests */ = {
			isa = PBXNativeTarget;
			buildConfigurationList = 168EE8762F4CB64E00576837 /* Build configuration list for PBXNativeTarget "HeicSwapTests" */;
			buildPhases = (
				168EE8772F4CB64E00576837 /* Sources */,
				168EE8742F4CB64E00576837 /* Frameworks */,
				168EE8782F4CB64E00576837 /* Resources */,
			);
			buildRules = (
			);
			dependencies = (
				168EE8792F4CB64E00576837 /* PBXTargetDependency */,
			);
			fileSystemSynchronizedGroups = (
				168EE8732F4CB64E00576837 /* HeicSwapTests */,
			);
			name = HeicSwapTests;
			packageProductDependencies = (
			);
			productName = HeicSwapTests;
			productReference = 168EE8722F4CB64E00576837 /* HeicSwapTests.xctest */;
			productType = "com.apple.product-type.bundle.unit-test";
		};
/* End PBXNativeTarget section */

/* Begin PBXProject section */
		168EE8512F4CB64D00576837 /* Project object */ = {
			isa = PBXProject;
			attributes = {
				BuildIndependentTargetsInParallel = 1;
				LastSwiftUpdateCheck = 2620;
				LastUpgradeCheck = 2620;
				TargetAttributes = {
					168EE8582F4CB64D00576837 = {
						CreatedOnToolsVersion = 26.2;
					};
					168EE8752F4CB64E00576837 = {
						CreatedOnToolsVersion = 26.2;
					};
				};
			};
			buildConfigurationList = 168EE8542F4CB64D00576837 /* Build configuration list for PBXProject "HeicSwap" */;
			developmentRegion = en;
			hasScannedForEncodings = 0;
			knownRegions = (
				en,
				Base,
			);
			mainGroup = 168EE8502F4CB64D00576837;
			minimizedProjectReferenceProxies = 1;
			packageReferences = (
				168EEAE32F4D513400576837 /* XCRemoteSwiftPackageReference "purchases-ios" */,
				FA0000000000000000000001 /* XCRemoteSwiftPackageReference "SwiftSDK" */,
			);
			preferredProjectObjectVersion = 77;
			productRefGroup = 168EE85A2F4CB64D00576837 /* Products */;
			projectDirPath = "";
			projectRoot = "";
			targets = (
				168EE8582F4CB64D00576837 /* HeicSwap */,
				168EE8752F4CB64E00576837 /* HeicSwapTests */,
			);
		};
/* End PBXProject section */

/* Begin PBXResourcesBuildPhase section */
		168EE8572F4CB64D00576837 /* Resources */ = {
			isa = PBXResourcesBuildPhase;
			buildActionMask = 2147483647;
			files = (
			);
			runOnlyForDeploymentPostprocessing = 0;
		};
		168EE8782F4CB64E00576837 /* Resources */ = {
			isa = PBXResourcesBuildPhase;
			buildActionMask = 2147483647;
			files = (
			);
			runOnlyForDeploymentPostprocessing = 0;
		};
/* End PBXResourcesBuildPhase section */

/* Begin PBXShellScriptBuildPhase section */
		168EE8F12F4CB90000576837 /* Generate Secrets */ = {
			isa = PBXShellScriptBuildPhase;
			buildActionMask = 2147483647;
			files = (
			);
			inputFileListPaths = (
			);
			inputPaths = (
				"$(PROJECT_DIR)/.secrets",
				"$(PROJECT_DIR)/Secrets.xcconfig.example",
			);
			name = "Generate Secrets";
			outputFileListPaths = (
			);
			outputPaths = (
				"$(PROJECT_DIR)/Secrets.xcconfig",
			);
			runOnlyForDeploymentPostprocessing = 0;
			shellPath = /bin/sh;
			shellScript = "SECRETS_XCCONFIG=\"${PROJECT_DIR}/Secrets.xcconfig\"\nSECRETS_EXAMPLE=\"${PROJECT_DIR}/Secrets.xcconfig.example\"\nSECRETS_FILE=\"${PROJECT_DIR}/.secrets\"\n\nif [ -f \"$SECRETS_FILE\" ]; then\n  echo \"// Generated from .secrets - do not commit\" > \"$SECRETS_XCCONFIG\"\n  while IFS= read -r line; do\n    [[ \"$line\" =~ ^#.*$ ]] && continue\n    [[ -z \"$line\" ]] && continue\n    key=\"${line%%=*}\"\n    value=\"${line#*=}\"\n    printf \"%s = %s\\n\" \"$key\" \"$value\" >> \"$SECRETS_XCCONFIG\"\n  done < \"$SECRETS_FILE\"\nelse\n  cp \"$SECRETS_EXAMPLE\" \"$SECRETS_XCCONFIG\"\nfi\n";
			showEnvVarsInLog = 0;
		};
/* End PBXShellScriptBuildPhase section */

/* Begin PBXSourcesBuildPhase section */
		168EE8552F4CB64D00576837 /* Sources */ = {
			isa = PBXSourcesBuildPhase;
			buildActionMask = 2147483647;
			files = (
			);
			runOnlyForDeploymentPostprocessing = 0;
		};
		168EE8772F4CB64E00576837 /* Sources */ = {
			isa = PBXSourcesBuildPhase;
			buildActionMask = 2147483647;
			files = (
			);
			runOnlyForDeploymentPostprocessing = 0;
		};
/* End PBXSourcesBuildPhase section */

/* Begin PBXTargetDependency section */
		168EE8792F4CB64E00576837 /* PBXTargetDependency */ = {
			isa = PBXTargetDependency;
			target = 168EE8582F4CB64D00576837 /* HeicSwap */;
			targetProxy = 168EE87A2F4CB64E00576837 /* PBXContainerItemProxy */;
		};
/* End PBXTargetDependency section */

/* Begin XCBuildConfiguration section */
		168EE8622F4CB64E00576837 /* Debug */ = {
			isa = XCBuildConfiguration;
			buildSettings = {
				ALWAYS_SEARCH_USER_PATHS = NO;
				ASSETCATALOG_COMPILER_GENERATE_SWIFT_ASSET_SYMBOL_EXTENSIONS = YES;
				CLANG_ANALYZER_NONNULL = YES;
				CLANG_ANALYZER_NUMBER_OBJECT_CONVERSION = YES_AGGRESSIVE;
				CLANG_CXX_LANGUAGE_STANDARD = "gnu++20";
				CLANG_ENABLE_MODULES = YES;
				CLANG_ENABLE_OBJC_ARC = YES;
				CLANG_ENABLE_OBJC_WEAK = YES;
				CLANG_WARN_BLOCK_CAPTURE_AUTORELEASING = YES;
				CLANG_WARN_BOOL_CONVERSION = YES;
				CLANG_WARN_COMMA = YES;
				CLANG_WARN_CONSTANT_CONVERSION = YES;
				CLANG_WARN_DEPRECATED_OBJC_IMPLEMENTATIONS = YES;
				CLANG_WARN_DIRECT_OBJC_ISA_USAGE = YES_ERROR;
				CLANG_WARN_DOCUMENTATION_COMMENTS = YES;
				CLANG_WARN_EMPTY_BODY = YES;
				CLANG_WARN_ENUM_CONVERSION = YES;
				CLANG_WARN_INFINITE_RECURSION = YES;
				CLANG_WARN_INT_CONVERSION = YES;
				CLANG_WARN_NON_LITERAL_NULL_CONVERSION = YES;
				CLANG_WARN_OBJC_IMPLICIT_RETAIN_SELF = YES;
				CLANG_WARN_OBJC_LITERAL_CONVERSION = YES;
				CLANG_WARN_OBJC_ROOT_CLASS = YES_ERROR;
				CLANG_WARN_QUOTED_INCLUDE_IN_FRAMEWORK_HEADER = YES;
				CLANG_WARN_RANGE_LOOP_ANALYSIS = YES;
				CLANG_WARN_STRICT_PROTOTYPES = YES;
				CLANG_WARN_SUSPICIOUS_MOVE = YES;
				CLANG_WARN_UNGUARDED_AVAILABILITY = YES_AGGRESSIVE;
				CLANG_WARN_UNREACHABLE_CODE = YES;
				CLANG_WARN__DUPLICATE_METHOD_MATCH = YES;
				COPY_PHASE_STRIP = NO;
				DEBUG_INFORMATION_FORMAT = dwarf;
				DEVELOPMENT_TEAM = M86S59A27L;
				ENABLE_STRICT_OBJC_MSGSEND = YES;
				ENABLE_TESTABILITY = YES;
				ENABLE_USER_SCRIPT_SANDBOXING = YES;
				GCC_C_LANGUAGE_STANDARD = gnu17;
				GCC_DYNAMIC_NO_PIC = NO;
				GCC_NO_COMMON_BLOCKS = YES;
				GCC_OPTIMIZATION_LEVEL = 0;
				GCC_PREPROCESSOR_DEFINITIONS = (
					"DEBUG=1",
					"$(inherited)",
				);
				GCC_WARN_64_TO_32_BIT_CONVERSION = YES;
				GCC_WARN_ABOUT_RETURN_TYPE = YES_ERROR;
				GCC_WARN_UNDECLARED_SELECTOR = YES;
				GCC_WARN_UNINITIALIZED_AUTOS = YES_AGGRESSIVE;
				GCC_WARN_UNUSED_FUNCTION = YES;
				GCC_WARN_UNUSED_VARIABLE = YES;
				LOCALIZATION_PREFERS_STRING_CATALOGS = YES;
				MTL_ENABLE_DEBUG_INFO = INCLUDE_SOURCE;
				MTL_FAST_MATH = YES;
				ONLY_ACTIVE_ARCH = YES;
				SWIFT_ACTIVE_COMPILATION_CONDITIONS = "DEBUG $(inherited)";
				SWIFT_OPTIMIZATION_LEVEL = "-Onone";
				SWIFT_STRICT_CONCURRENCY = complete;
			};
			name = Debug;
		};
		168EE8632F4CB64E00576837 /* Release */ = {
			isa = XCBuildConfiguration;
			buildSettings = {
				ALWAYS_SEARCH_USER_PATHS = NO;
				ASSETCATALOG_COMPILER_GENERATE_SWIFT_ASSET_SYMBOL_EXTENSIONS = YES;
				CLANG_ANALYZER_NONNULL = YES;
				CLANG_ANALYZER_NUMBER_OBJECT_CONVERSION = YES_AGGRESSIVE;
				CLANG_CXX_LANGUAGE_STANDARD = "gnu++20";
				CLANG_ENABLE_MODULES = YES;
				CLANG_ENABLE_OBJC_ARC = YES;
				CLANG_ENABLE_OBJC_WEAK = YES;
				CLANG_WARN_BLOCK_CAPTURE_AUTORELEASING = YES;
				CLANG_WARN_BOOL_CONVERSION = YES;
				CLANG_WARN_COMMA = YES;
				CLANG_WARN_CONSTANT_CONVERSION = YES;
				CLANG_WARN_DEPRECATED_OBJC_IMPLEMENTATIONS = YES;
				CLANG_WARN_DIRECT_OBJC_ISA_USAGE = YES_ERROR;
				CLANG_WARN_DOCUMENTATION_COMMENTS = YES;
				CLANG_WARN_EMPTY_BODY = YES;
				CLANG_WARN_ENUM_CONVERSION = YES;
				CLANG_WARN_INFINITE_RECURSION = YES;
				CLANG_WARN_INT_CONVERSION = YES;
				CLANG_WARN_NON_LITERAL_NULL_CONVERSION = YES;
				CLANG_WARN_OBJC_IMPLICIT_RETAIN_SELF = YES;
				CLANG_WARN_OBJC_LITERAL_CONVERSION = YES;
				CLANG_WARN_OBJC_ROOT_CLASS = YES_ERROR;
				CLANG_WARN_QUOTED_INCLUDE_IN_FRAMEWORK_HEADER = YES;
				CLANG_WARN_RANGE_LOOP_ANALYSIS = YES;
				CLANG_WARN_STRICT_PROTOTYPES = YES;
				CLANG_WARN_SUSPICIOUS_MOVE = YES;
				CLANG_WARN_UNGUARDED_AVAILABILITY = YES_AGGRESSIVE;
				CLANG_WARN_UNREACHABLE_CODE = YES;
				CLANG_WARN__DUPLICATE_METHOD_MATCH = YES;
				COPY_PHASE_STRIP = NO;
				DEBUG_INFORMATION_FORMAT = "dwarf-with-dsym";
				DEVELOPMENT_TEAM = M86S59A27L;
				ENABLE_NS_ASSERTIONS = NO;
				ENABLE_STRICT_OBJC_MSGSEND = YES;
				ENABLE_USER_SCRIPT_SANDBOXING = YES;
				GCC_C_LANGUAGE_STANDARD = gnu17;
				GCC_NO_COMMON_BLOCKS = YES;
				GCC_WARN_64_TO_32_BIT_CONVERSION = YES;
				GCC_WARN_ABOUT_RETURN_TYPE = YES_ERROR;
				GCC_WARN_UNDECLARED_SELECTOR = YES;
				GCC_WARN_UNINITIALIZED_AUTOS = YES_AGGRESSIVE;
				GCC_WARN_UNUSED_FUNCTION = YES;
				GCC_WARN_UNUSED_VARIABLE = YES;
				LOCALIZATION_PREFERS_STRING_CATALOGS = YES;
				MTL_ENABLE_DEBUG_INFO = NO;
				MTL_FAST_MATH = YES;
				SWIFT_COMPILATION_MODE = wholemodule;
				SWIFT_STRICT_CONCURRENCY = complete;
			};
			name = Release;
		};
		168EE8652F4CB64E00576837 /* Debug */ = {
			isa = XCBuildConfiguration;
			baseConfigurationReference = 168EE8F02F4CB90000576837 /* Secrets.xcconfig */;
			buildSettings = {
				ASSETCATALOG_COMPILER_APPICON_NAME = AppIcon;
				ASSETCATALOG_COMPILER_GLOBAL_ACCENT_COLOR_NAME = AccentColor;
				CODE_SIGN_STYLE = Automatic;
				CURRENT_PROJECT_VERSION = 1;
				DEVELOPMENT_TEAM = M86S59A27L;
				ENABLE_APP_SANDBOX = YES;
				ENABLE_HARDENED_RUNTIME = YES;
				ENABLE_PREVIEWS = YES;
				ENABLE_USER_SELECTED_FILES = readonly;
				GENERATE_INFOPLIST_FILE = YES;
				INFOPLIST_KEY_REVENUECAT_API_KEY = "$(REVENUECAT_API_KEY)";
				INFOPLIST_KEY_TELEMETRYDECK_APP_ID = "$(TELEMETRYDECK_APP_ID)";
				"INFOPLIST_KEY_UIApplicationSceneManifest_Generation[sdk=iphoneos*]" = YES;
				"INFOPLIST_KEY_UIApplicationSceneManifest_Generation[sdk=iphonesimulator*]" = YES;
				"INFOPLIST_KEY_UIApplicationSupportsIndirectInputEvents[sdk=iphoneos*]" = YES;
				"INFOPLIST_KEY_UIApplicationSupportsIndirectInputEvents[sdk=iphonesimulator*]" = YES;
				"INFOPLIST_KEY_UILaunchScreen_Generation[sdk=iphoneos*]" = YES;
				"INFOPLIST_KEY_UILaunchScreen_Generation[sdk=iphonesimulator*]" = YES;
				"INFOPLIST_KEY_UIStatusBarStyle[sdk=iphoneos*]" = UIStatusBarStyleDefault;
				"INFOPLIST_KEY_UIStatusBarStyle[sdk=iphonesimulator*]" = UIStatusBarStyleDefault;
				INFOPLIST_KEY_UISupportedInterfaceOrientations_iPad = "UIInterfaceOrientationPortrait UIInterfaceOrientationPortraitUpsideDown UIInterfaceOrientationLandscapeLeft UIInterfaceOrientationLandscapeRight";
				INFOPLIST_KEY_UISupportedInterfaceOrientations_iPhone = "UIInterfaceOrientationPortrait UIInterfaceOrientationLandscapeLeft UIInterfaceOrientationLandscapeRight";
				IPHONEOS_DEPLOYMENT_TARGET = 26.0;
				LD_RUNPATH_SEARCH_PATHS = "@executable_path/Frameworks";
				"LD_RUNPATH_SEARCH_PATHS[sdk=macosx*]" = "@executable_path/../Frameworks";
				MACOSX_DEPLOYMENT_TARGET = 26.0;
				MARKETING_VERSION = 1.0.0;
				PRODUCT_BUNDLE_IDENTIFIER = com.domanovs.rinalds.ios.HeicSwap;
				PRODUCT_NAME = "$(TARGET_NAME)";
				REGISTER_APP_GROUPS = YES;
				SDKROOT = auto;
				STRING_CATALOG_GENERATE_SYMBOLS = YES;
				SUPPORTED_PLATFORMS = "iphoneos iphonesimulator macosx xros xrsimulator";
				SWIFT_APPROACHABLE_CONCURRENCY = YES;
				SWIFT_DEFAULT_ACTOR_ISOLATION = MainActor;
				SWIFT_EMIT_LOC_STRINGS = YES;
				SWIFT_STRICT_CONCURRENCY = complete;
				SWIFT_UPCOMING_FEATURE_MEMBER_IMPORT_VISIBILITY = YES;
				SWIFT_VERSION = 6.0;
				TARGETED_DEVICE_FAMILY = "1,2,7";
				XROS_DEPLOYMENT_TARGET = 26.0;
			};
			name = Debug;
		};
		168EE8662F4CB64E00576837 /* Release */ = {
			isa = XCBuildConfiguration;
			baseConfigurationReference = 168EE8F02F4CB90000576837 /* Secrets.xcconfig */;
			buildSettings = {
				ASSETCATALOG_COMPILER_APPICON_NAME = AppIcon;
				ASSETCATALOG_COMPILER_GLOBAL_ACCENT_COLOR_NAME = AccentColor;
				CODE_SIGN_STYLE = Automatic;
				CURRENT_PROJECT_VERSION = 1;
				DEVELOPMENT_TEAM = M86S59A27L;
				ENABLE_APP_SANDBOX = YES;
				ENABLE_HARDENED_RUNTIME = YES;
				ENABLE_PREVIEWS = YES;
				ENABLE_USER_SELECTED_FILES = readonly;
				GENERATE_INFOPLIST_FILE = YES;
				INFOPLIST_KEY_REVENUECAT_API_KEY = "$(REVENUECAT_API_KEY)";
				INFOPLIST_KEY_TELEMETRYDECK_APP_ID = "$(TELEMETRYDECK_APP_ID)";
				"INFOPLIST_KEY_UIApplicationSceneManifest_Generation[sdk=iphoneos*]" = YES;
				"INFOPLIST_KEY_UIApplicationSceneManifest_Generation[sdk=iphonesimulator*]" = YES;
				"INFOPLIST_KEY_UIApplicationSupportsIndirectInputEvents[sdk=iphoneos*]" = YES;
				"INFOPLIST_KEY_UIApplicationSupportsIndirectInputEvents[sdk=iphonesimulator*]" = YES;
				"INFOPLIST_KEY_UILaunchScreen_Generation[sdk=iphoneos*]" = YES;
				"INFOPLIST_KEY_UILaunchScreen_Generation[sdk=iphonesimulator*]" = YES;
				"INFOPLIST_KEY_UIStatusBarStyle[sdk=iphoneos*]" = UIStatusBarStyleDefault;
				"INFOPLIST_KEY_UIStatusBarStyle[sdk=iphonesimulator*]" = UIStatusBarStyleDefault;
				INFOPLIST_KEY_UISupportedInterfaceOrientations_iPad = "UIInterfaceOrientationPortrait UIInterfaceOrientationPortraitUpsideDown UIInterfaceOrientationLandscapeLeft UIInterfaceOrientationLandscapeRight";
				INFOPLIST_KEY_UISupportedInterfaceOrientations_iPhone = "UIInterfaceOrientationPortrait UIInterfaceOrientationLandscapeLeft UIInterfaceOrientationLandscapeRight";
				IPHONEOS_DEPLOYMENT_TARGET = 26.0;
				LD_RUNPATH_SEARCH_PATHS = "@executable_path/Frameworks";
				"LD_RUNPATH_SEARCH_PATHS[sdk=macosx*]" = "@executable_path/../Frameworks";
				MACOSX_DEPLOYMENT_TARGET = 26.0;
				MARKETING_VERSION = 1.0.0;
				PRODUCT_BUNDLE_IDENTIFIER = com.domanovs.rinalds.ios.HeicSwap;
				PRODUCT_NAME = "$(TARGET_NAME)";
				REGISTER_APP_GROUPS = YES;
				SDKROOT = auto;
				STRING_CATALOG_GENERATE_SYMBOLS = YES;
				SUPPORTED_PLATFORMS = "iphoneos iphonesimulator macosx xros xrsimulator";
				SWIFT_APPROACHABLE_CONCURRENCY = YES;
				SWIFT_DEFAULT_ACTOR_ISOLATION = MainActor;
				SWIFT_EMIT_LOC_STRINGS = YES;
				SWIFT_STRICT_CONCURRENCY = complete;
				SWIFT_UPCOMING_FEATURE_MEMBER_IMPORT_VISIBILITY = YES;
				SWIFT_VERSION = 6.0;
				TARGETED_DEVICE_FAMILY = "1,2,7";
				XROS_DEPLOYMENT_TARGET = 26.0;
			};
			name = Release;
		};
		168EE87B2F4CB64E00576837 /* Debug */ = {
			isa = XCBuildConfiguration;
			buildSettings = {
				CODE_SIGN_STYLE = Automatic;
				CURRENT_PROJECT_VERSION = 1;
				DEVELOPMENT_TEAM = M86S59A27L;
				GENERATE_INFOPLIST_FILE = YES;
				IPHONEOS_DEPLOYMENT_TARGET = 26.0;
				MARKETING_VERSION = 1.0.0;
				PRODUCT_BUNDLE_IDENTIFIER = com.domanovs.rinalds.ios.HeicSwapTests;
				PRODUCT_NAME = "$(TARGET_NAME)";
				SDKROOT = iphoneos;
				SWIFT_EMIT_LOC_STRINGS = NO;
				SWIFT_STRICT_CONCURRENCY = complete;
				SWIFT_VERSION = 6.0;
				TARGETED_DEVICE_FAMILY = "1,2";
			};
			name = Debug;
		};
		168EE87C2F4CB64E00576837 /* Release */ = {
			isa = XCBuildConfiguration;
			buildSettings = {
				CODE_SIGN_STYLE = Automatic;
				CURRENT_PROJECT_VERSION = 1;
				DEVELOPMENT_TEAM = M86S59A27L;
				GENERATE_INFOPLIST_FILE = YES;
				IPHONEOS_DEPLOYMENT_TARGET = 26.0;
				MARKETING_VERSION = 1.0.0;
				PRODUCT_BUNDLE_IDENTIFIER = com.domanovs.rinalds.ios.HeicSwapTests;
				PRODUCT_NAME = "$(TARGET_NAME)";
				SDKROOT = iphoneos;
				SWIFT_EMIT_LOC_STRINGS = NO;
				SWIFT_STRICT_CONCURRENCY = complete;
				SWIFT_VERSION = 6.0;
				TARGETED_DEVICE_FAMILY = "1,2";
			};
			name = Release;
		};
/* End XCBuildConfiguration section */

/* Begin XCConfigurationList section */
		168EE8542F4CB64D00576837 /* Build configuration list for PBXProject "HeicSwap" */ = {
			isa = XCConfigurationList;
			buildConfigurations = (
				168EE8622F4CB64E00576837 /* Debug */,
				168EE8632F4CB64E00576837 /* Release */,
			);
			defaultConfigurationIsVisible = 0;
			defaultConfigurationName = Release;
		};
		168EE8642F4CB64E00576837 /* Build configuration list for PBXNativeTarget "HeicSwap" */ = {
			isa = XCConfigurationList;
			buildConfigurations = (
				168EE8652F4CB64E00576837 /* Debug */,
				168EE8662F4CB64E00576837 /* Release */,
			);
			defaultConfigurationIsVisible = 0;
			defaultConfigurationName = Release;
		};
		168EE8762F4CB64E00576837 /* Build configuration list for PBXNativeTarget "HeicSwapTests" */ = {
			isa = XCConfigurationList;
			buildConfigurations = (
				168EE87B2F4CB64E00576837 /* Debug */,
				168EE87C2F4CB64E00576837 /* Release */,
			);
			defaultConfigurationIsVisible = 0;
			defaultConfigurationName = Release;
		};
/* End XCConfigurationList section */

/* Begin XCRemoteSwiftPackageReference section */
		168EEAE32F4D513400576837 /* XCRemoteSwiftPackageReference "purchases-ios" */ = {
			isa = XCRemoteSwiftPackageReference;
			repositoryURL = "https://github.com/RevenueCat/purchases-ios.git";
			requirement = {
				kind = upToNextMajorVersion;
				minimumVersion = 5.59.2;
			};
		};
		FA0000000000000000000001 /* XCRemoteSwiftPackageReference "SwiftSDK" */ = {
			isa = XCRemoteSwiftPackageReference;
			repositoryURL = "https://github.com/TelemetryDeck/SwiftSDK.git";
			requirement = {
				kind = upToNextMajorVersion;
				minimumVersion = 2.14.1;
			};
		};
/* End XCRemoteSwiftPackageReference section */

/* Begin XCSwiftPackageProductDependency section */
		168EEAE42F4D513400576837 /* RevenueCat */ = {
			isa = XCSwiftPackageProductDependency;
			package = 168EEAE32F4D513400576837 /* XCRemoteSwiftPackageReference "purchases-ios" */;
			productName = RevenueCat;
		};
		168EEAE62F4D513400576837 /* RevenueCatUI */ = {
			isa = XCSwiftPackageProductDependency;
			package = 168EEAE32F4D513400576837 /* XCRemoteSwiftPackageReference "purchases-ios" */;
			productName = RevenueCatUI;
		};
		FA0000000000000000000002 /* TelemetryDeck */ = {
			isa = XCSwiftPackageProductDependency;
			package = FA0000000000000000000001 /* XCRemoteSwiftPackageReference "SwiftSDK" */;
			productName = TelemetryDeck;
		};
/* End XCSwiftPackageProductDependency section */
	};
	rootObject = 168EE8512F4CB64D00576837 /* Project object */;
}
